# This file is generated by running "yarn install" inside your project.
# Manual changes might be lost - proceed with caution!

__metadata:
  version: 6
  cacheKey: 8

"@nodelib/fs.scandir@npm:2.1.5":
  version: 2.1.5
  resolution: "@nodelib/fs.scandir@npm:2.1.5"
  dependencies:
    "@nodelib/fs.stat": 2.0.5
    run-parallel: ^1.1.9
  checksum: a970d595bd23c66c880e0ef1817791432dbb7acbb8d44b7e7d0e7a22f4521260d4a83f7f9fd61d44fda4610105577f8f58a60718105fb38352baed612fd79e59
  languageName: node
  linkType: hard

"@nodelib/fs.stat@npm:2.0.5, @nodelib/fs.stat@npm:^2.0.2":
  version: 2.0.5
  resolution: "@nodelib/fs.stat@npm:2.0.5"
  checksum: 012480b5ca9d97bff9261571dbbec7bbc6033f69cc92908bc1ecfad0792361a5a1994bc48674b9ef76419d056a03efadfce5a6cf6dbc0a36559571a7a483f6f0
  languageName: node
  linkType: hard

"@nodelib/fs.walk@npm:^1.2.3":
  version: 1.2.8
  resolution: "@nodelib/fs.walk@npm:1.2.8"
  dependencies:
    "@nodelib/fs.scandir": 2.1.5
    fastq: ^1.6.0
  checksum: 190c643f156d8f8f277bf2a6078af1ffde1fd43f498f187c2db24d35b4b4b5785c02c7dc52e356497b9a1b65b13edc996de08de0b961c32844364da02986dc53
  languageName: node
  linkType: hard

"@types/prop-types@npm:*":
  version: 15.7.5
  resolution: "@types/prop-types@npm:15.7.5"
  checksum: 5b43b8b15415e1f298243165f1d44390403bb2bd42e662bca3b5b5633fdd39c938e91b7fce3a9483699db0f7a715d08cef220c121f723a634972fdf596aec980
  languageName: node
  linkType: hard

"@types/react-dom@npm:^18":
  version: 18.0.5
  resolution: "@types/react-dom@npm:18.0.5"
  dependencies:
    "@types/react": "*"
  checksum: cd48b81950f499b52a3f0c08261f00046f9b7c96699fa249c9664e257e820daf6ecac815cd1028cebc9d105094adc39d047d1efd79214394b8b2d515574c0787
  languageName: node
  linkType: hard

"@types/react@npm:*, @types/react@npm:^18":
  version: 18.0.14
  resolution: "@types/react@npm:18.0.14"
  dependencies:
    "@types/prop-types": "*"
    "@types/scheduler": "*"
    csstype: ^3.0.2
  checksum: 608eb57a383eedc54c79949673e5e8314f6b0c61542bff58721c8c47a18c23e2832e77c656050c2c2c004b62cf25582136c7c56fe1b6263a285c065fae31dbcf
  languageName: node
  linkType: hard

"@types/scheduler@npm:*":
  version: 0.16.2
  resolution: "@types/scheduler@npm:0.16.2"
  checksum: b6b4dcfeae6deba2e06a70941860fb1435730576d3689225a421280b7742318d1548b3d22c1f66ab68e414f346a9542f29240bc955b6332c5b11e561077583bc
  languageName: node
  linkType: hard

"ansi-styles@npm:^4.1.0":
  version: 4.3.0
  resolution: "ansi-styles@npm:4.3.0"
  dependencies:
    color-convert: ^2.0.1
  checksum: 513b44c3b2105dd14cc42a19271e80f386466c4be574bccf60b627432f9198571ebf4ab1e4c3ba17347658f4ee1711c163d574248c0c1cdc2d5917a0ad582ec4
  languageName: node
  linkType: hard

"array-union@npm:^2.1.0":
  version: 2.1.0
  resolution: "array-union@npm:2.1.0"
  checksum: 5bee12395cba82da674931df6d0fea23c4aa4660cb3b338ced9f828782a65caa232573e6bf3968f23e0c5eb301764a382cef2f128b170a9dc59de0e36c39f98d
  languageName: node
  linkType: hard

"braces@npm:^3.0.2":
  version: 3.0.2
  resolution: "braces@npm:3.0.2"
  dependencies:
    fill-range: ^7.0.1
  checksum: e2a8e769a863f3d4ee887b5fe21f63193a891c68b612ddb4b68d82d1b5f3ff9073af066c343e9867a393fe4c2555dcb33e89b937195feb9c1613d259edfcd459
  languageName: node
  linkType: hard

"chalk@npm:^4.1.2":
  version: 4.1.2
  resolution: "chalk@npm:4.1.2"
  dependencies:
    ansi-styles: ^4.1.0
    supports-color: ^7.1.0
  checksum: fe75c9d5c76a7a98d45495b91b2172fa3b7a09e0cc9370e5c8feb1c567b85c4288e2b3fded7cfdd7359ac28d6b3844feb8b82b8686842e93d23c827c417e83fc
  languageName: node
  linkType: hard

"color-convert@npm:^2.0.1":
  version: 2.0.1
  resolution: "color-convert@npm:2.0.1"
  dependencies:
    color-name: ~1.1.4
  checksum: 79e6bdb9fd479a205c71d89574fccfb22bd9053bd98c6c4d870d65c132e5e904e6034978e55b43d69fcaa7433af2016ee203ce76eeba9cfa554b373e7f7db336
  languageName: node
  linkType: hard

"color-name@npm:~1.1.4":
  version: 1.1.4
  resolution: "color-name@npm:1.1.4"
  checksum: b0445859521eb4021cd0fb0cc1a75cecf67fceecae89b63f62b201cca8d345baf8b952c966862a9d9a2632987d4f6581f0ec8d957dfacece86f0a7919316f610
  languageName: node
  linkType: hard

"csstype@npm:^3.0.2":
  version: 3.1.0
  resolution: "csstype@npm:3.1.0"
  checksum: 644e986cefab86525f0b674a06889cfdbb1f117e5b7d1ce0fc55b0423ecc58807a1ea42ecc75c4f18999d14fc42d1d255f84662a45003a52bb5840e977eb2ffd
  languageName: node
  linkType: hard

"dir-glob@npm:^3.0.1":
  version: 3.0.1
  resolution: "dir-glob@npm:3.0.1"
  dependencies:
    path-type: ^4.0.0
  checksum: fa05e18324510d7283f55862f3161c6759a3f2f8dbce491a2fc14c8324c498286c54282c1f0e933cb930da8419b30679389499b919122952a4f8592362ef4615
  languageName: node
  linkType: hard

"esbuild-android-64@npm:0.14.48":
  version: 0.14.48
  resolution: "esbuild-android-64@npm:0.14.48"
  conditions: os=android & cpu=x64
  languageName: node
  linkType: hard

"esbuild-android-arm64@npm:0.14.48":
  version: 0.14.48
  resolution: "esbuild-android-arm64@npm:0.14.48"
  conditions: os=android & cpu=arm64
  languageName: node
  linkType: hard

"esbuild-darwin-64@npm:0.14.48":
  version: 0.14.48
  resolution: "esbuild-darwin-64@npm:0.14.48"
  conditions: os=darwin & cpu=x64
  languageName: node
  linkType: hard

"esbuild-darwin-arm64@npm:0.14.48":
  version: 0.14.48
  resolution: "esbuild-darwin-arm64@npm:0.14.48"
  conditions: os=darwin & cpu=arm64
  languageName: node
  linkType: hard

"esbuild-freebsd-64@npm:0.14.48":
  version: 0.14.48
  resolution: "esbuild-freebsd-64@npm:0.14.48"
  conditions: os=freebsd & cpu=x64
  languageName: node
  linkType: hard

"esbuild-freebsd-arm64@npm:0.14.48":
  version: 0.14.48
  resolution: "esbuild-freebsd-arm64@npm:0.14.48"
  conditions: os=freebsd & cpu=arm64
  languageName: node
  linkType: hard

"esbuild-linux-32@npm:0.14.48":
  version: 0.14.48
  resolution: "esbuild-linux-32@npm:0.14.48"
  conditions: os=linux & cpu=ia32
  languageName: node
  linkType: hard

"esbuild-linux-64@npm:0.14.48":
  version: 0.14.48
  resolution: "esbuild-linux-64@npm:0.14.48"
  conditions: os=linux & cpu=x64
  languageName: node
  linkType: hard

"esbuild-linux-arm64@npm:0.14.48":
  version: 0.14.48
  resolution: "esbuild-linux-arm64@npm:0.14.48"
  conditions: os=linux & cpu=arm64
  languageName: node
  linkType: hard

"esbuild-linux-arm@npm:0.14.48":
  version: 0.14.48
  resolution: "esbuild-linux-arm@npm:0.14.48"
  conditions: os=linux & cpu=arm
  languageName: node
  linkType: hard

"esbuild-linux-mips64le@npm:0.14.48":
  version: 0.14.48
  resolution: "esbuild-linux-mips64le@npm:0.14.48"
  conditions: os=linux & cpu=mips64el
  languageName: node
  linkType: hard

"esbuild-linux-ppc64le@npm:0.14.48":
  version: 0.14.48
  resolution: "esbuild-linux-ppc64le@npm:0.14.48"
  conditions: os=linux & cpu=ppc64
  languageName: node
  linkType: hard

"esbuild-linux-riscv64@npm:0.14.48":
  version: 0.14.48
  resolution: "esbuild-linux-riscv64@npm:0.14.48"
  conditions: os=linux & cpu=riscv64
  languageName: node
  linkType: hard

"esbuild-linux-s390x@npm:0.14.48":
  version: 0.14.48
  resolution: "esbuild-linux-s390x@npm:0.14.48"
  conditions: os=linux & cpu=s390x
  languageName: node
  linkType: hard

"esbuild-netbsd-64@npm:0.14.48":
  version: 0.14.48
  resolution: "esbuild-netbsd-64@npm:0.14.48"
  conditions: os=netbsd & cpu=x64
  languageName: node
  linkType: hard

"esbuild-openbsd-64@npm:0.14.48":
  version: 0.14.48
  resolution: "esbuild-openbsd-64@npm:0.14.48"
  conditions: os=openbsd & cpu=x64
  languageName: node
  linkType: hard

"esbuild-plugin-copy@npm:^1.3.0":
  version: 1.3.0
  resolution: "esbuild-plugin-copy@npm:1.3.0"
  dependencies:
    chalk: ^4.1.2
    fs-extra: ^10.0.1
    globby: ^11.0.3
  peerDependencies:
    esbuild: ^0.14.0
  checksum: 484a575d661b48a7a344eb36b77698cde2ee301621dbaf89bb1c6c1e42e7dd8e8ae7a83ec9ffeb7c46daf0761385333e356cb1d19347d4d19fc8166248f68863
  languageName: node
  linkType: hard

"esbuild-sunos-64@npm:0.14.48":
  version: 0.14.48
  resolution: "esbuild-sunos-64@npm:0.14.48"
  conditions: os=sunos & cpu=x64
  languageName: node
  linkType: hard

"esbuild-windows-32@npm:0.14.48":
  version: 0.14.48
  resolution: "esbuild-windows-32@npm:0.14.48"
  conditions: os=win32 & cpu=ia32
  languageName: node
  linkType: hard

"esbuild-windows-64@npm:0.14.48":
  version: 0.14.48
  resolution: "esbuild-windows-64@npm:0.14.48"
  conditions: os=win32 & cpu=x64
  languageName: node
  linkType: hard

"esbuild-windows-arm64@npm:0.14.48":
  version: 0.14.48
  resolution: "esbuild-windows-arm64@npm:0.14.48"
  conditions: os=win32 & cpu=arm64
  languageName: node
  linkType: hard

"esbuild@npm:^0.14.48":
  version: 0.14.48
  resolution: "esbuild@npm:0.14.48"
  dependencies:
    esbuild-android-64: 0.14.48
    esbuild-android-arm64: 0.14.48
    esbuild-darwin-64: 0.14.48
    esbuild-darwin-arm64: 0.14.48
    esbuild-freebsd-64: 0.14.48
    esbuild-freebsd-arm64: 0.14.48
    esbuild-linux-32: 0.14.48
    esbuild-linux-64: 0.14.48
    esbuild-linux-arm: 0.14.48
    esbuild-linux-arm64: 0.14.48
    esbuild-linux-mips64le: 0.14.48
    esbuild-linux-ppc64le: 0.14.48
    esbuild-linux-riscv64: 0.14.48
    esbuild-linux-s390x: 0.14.48
    esbuild-netbsd-64: 0.14.48
    esbuild-openbsd-64: 0.14.48
    esbuild-sunos-64: 0.14.48
    esbuild-windows-32: 0.14.48
    esbuild-windows-64: 0.14.48
    esbuild-windows-arm64: 0.14.48
  dependenciesMeta:
    esbuild-android-64:
      optional: true
    esbuild-android-arm64:
      optional: true
    esbuild-darwin-64:
      optional: true
    esbuild-darwin-arm64:
      optional: true
    esbuild-freebsd-64:
      optional: true
    esbuild-freebsd-arm64:
      optional: true
    esbuild-linux-32:
      optional: true
    esbuild-linux-64:
      optional: true
    esbuild-linux-arm:
      optional: true
    esbuild-linux-arm64:
      optional: true
    esbuild-linux-mips64le:
      optional: true
    esbuild-linux-ppc64le:
      optional: true
    esbuild-linux-riscv64:
      optional: true
    esbuild-linux-s390x:
      optional: true
    esbuild-netbsd-64:
      optional: true
    esbuild-openbsd-64:
      optional: true
    esbuild-sunos-64:
      optional: true
    esbuild-windows-32:
      optional: true
    esbuild-windows-64:
      optional: true
    esbuild-windows-arm64:
      optional: true
  bin:
    esbuild: bin/esbuild
  checksum: 352d5f5678b697eaafe0bb3374e3da013b31df98c2da17e94266f0bd9d421c531733df038d5b3548d1e8bc86daac0417f1ba2df1cc184685fdb899e1f309f47d
  languageName: node
  linkType: hard

"fast-glob@npm:^3.2.9":
  version: 3.2.11
  resolution: "fast-glob@npm:3.2.11"
  dependencies:
    "@nodelib/fs.stat": ^2.0.2
    "@nodelib/fs.walk": ^1.2.3
    glob-parent: ^5.1.2
    merge2: ^1.3.0
    micromatch: ^4.0.4
  checksum: f473105324a7780a20c06de842e15ddbb41d3cb7e71d1e4fe6e8373204f22245d54f5ab9e2061e6a1c613047345954d29b022e0e76f5c28b1df9858179a0e6d7
  languageName: node
  linkType: hard

"fastq@npm:^1.6.0":
  version: 1.13.0
  resolution: "fastq@npm:1.13.0"
  dependencies:
    reusify: ^1.0.4
  checksum: 32cf15c29afe622af187d12fc9cd93e160a0cb7c31a3bb6ace86b7dea3b28e7b72acde89c882663f307b2184e14782c6c664fa315973c03626c7d4bff070bb0b
  languageName: node
  linkType: hard

"fill-range@npm:^7.0.1":
  version: 7.0.1
  resolution: "fill-range@npm:7.0.1"
  dependencies:
    to-regex-range: ^5.0.1
  checksum: cc283f4e65b504259e64fd969bcf4def4eb08d85565e906b7d36516e87819db52029a76b6363d0f02d0d532f0033c9603b9e2d943d56ee3b0d4f7ad3328ff917
  languageName: node
  linkType: hard

"fs-extra@npm:^10.0.1":
  version: 10.1.0
  resolution: "fs-extra@npm:10.1.0"
  dependencies:
    graceful-fs: ^4.2.0
    jsonfile: ^6.0.1
    universalify: ^2.0.0
  checksum: dc94ab37096f813cc3ca12f0f1b5ad6744dfed9ed21e953d72530d103cea193c2f81584a39e9dee1bea36de5ee66805678c0dddc048e8af1427ac19c00fffc50
  languageName: node
  linkType: hard

"glob-parent@npm:^5.1.2":
  version: 5.1.2
  resolution: "glob-parent@npm:5.1.2"
  dependencies:
    is-glob: ^4.0.1
  checksum: f4f2bfe2425296e8a47e36864e4f42be38a996db40420fe434565e4480e3322f18eb37589617a98640c5dc8fdec1a387007ee18dbb1f3f5553409c34d17f425e
  languageName: node
  linkType: hard

"globby@npm:^11.0.3":
  version: 11.1.0
  resolution: "globby@npm:11.1.0"
  dependencies:
    array-union: ^2.1.0
    dir-glob: ^3.0.1
    fast-glob: ^3.2.9
    ignore: ^5.2.0
    merge2: ^1.4.1
    slash: ^3.0.0
  checksum: b4be8885e0cfa018fc783792942d53926c35c50b3aefd3fdcfb9d22c627639dc26bd2327a40a0b74b074100ce95bb7187bfeae2f236856aa3de183af7a02aea6
  languageName: node
  linkType: hard

"graceful-fs@npm:^4.1.6, graceful-fs@npm:^4.2.0":
  version: 4.2.10
  resolution: "graceful-fs@npm:4.2.10"
  checksum: 3f109d70ae123951905d85032ebeae3c2a5a7a997430df00ea30df0e3a6c60cf6689b109654d6fdacd28810a053348c4d14642da1d075049e6be1ba5216218da
  languageName: node
  linkType: hard

"has-flag@npm:^4.0.0":
  version: 4.0.0
  resolution: "has-flag@npm:4.0.0"
  checksum: 261a1357037ead75e338156b1f9452c016a37dcd3283a972a30d9e4a87441ba372c8b81f818cd0fbcd9c0354b4ae7e18b9e1afa1971164aef6d18c2b6095a8ad
  languageName: node
  linkType: hard

"ignore@npm:^5.2.0":
  version: 5.2.0
  resolution: "ignore@npm:5.2.0"
  checksum: 6b1f926792d614f64c6c83da3a1f9c83f6196c2839aa41e1e32dd7b8d174cef2e329d75caabb62cb61ce9dc432f75e67d07d122a037312db7caa73166a1bdb77
  languageName: node
  linkType: hard

"is-extglob@npm:^2.1.1":
  version: 2.1.1
  resolution: "is-extglob@npm:2.1.1"
  checksum: df033653d06d0eb567461e58a7a8c9f940bd8c22274b94bf7671ab36df5719791aae15eef6d83bbb5e23283967f2f984b8914559d4449efda578c775c4be6f85
  languageName: node
  linkType: hard

"is-glob@npm:^4.0.1":
  version: 4.0.3
  resolution: "is-glob@npm:4.0.3"
  dependencies:
    is-extglob: ^2.1.1
  checksum: d381c1319fcb69d341cc6e6c7cd588e17cd94722d9a32dbd60660b993c4fb7d0f19438674e68dfec686d09b7c73139c9166b47597f846af387450224a8101ab4
  languageName: node
  linkType: hard

"is-number@npm:^7.0.0":
  version: 7.0.0
  resolution: "is-number@npm:7.0.0"
  checksum: 456ac6f8e0f3111ed34668a624e45315201dff921e5ac181f8ec24923b99e9f32ca1a194912dc79d539c97d33dba17dc635202ff0b2cf98326f608323276d27a
  languageName: node
  linkType: hard

"js-tokens@npm:^3.0.0 || ^4.0.0":
  version: 4.0.0
  resolution: "js-tokens@npm:4.0.0"
  checksum: 8a95213a5a77deb6cbe94d86340e8d9ace2b93bc367790b260101d2f36a2eaf4e4e22d9fa9cf459b38af3a32fb4190e638024cf82ec95ef708680e405ea7cc78
  languageName: node
  linkType: hard

"jsonfile@npm:^6.0.1":
  version: 6.1.0
  resolution: "jsonfile@npm:6.1.0"
  dependencies:
    graceful-fs: ^4.1.6
    universalify: ^2.0.0
  dependenciesMeta:
    graceful-fs:
      optional: true
  checksum: 7af3b8e1ac8fe7f1eccc6263c6ca14e1966fcbc74b618d3c78a0a2075579487547b94f72b7a1114e844a1e15bb00d440e5d1720bfc4612d790a6f285d5ea8354
  languageName: node
  linkType: hard

"loose-envify@npm:^1.1.0":
  version: 1.4.0
  resolution: "loose-envify@npm:1.4.0"
  dependencies:
    js-tokens: ^3.0.0 || ^4.0.0
  bin:
    loose-envify: cli.js
  checksum: 6517e24e0cad87ec9888f500c5b5947032cdfe6ef65e1c1936a0c48a524b81e65542c9c3edc91c97d5bddc806ee2a985dbc79be89215d613b1de5db6d1cfe6f4
  languageName: node
  linkType: hard

"merge2@npm:^1.3.0, merge2@npm:^1.4.1":
  version: 1.4.1
  resolution: "merge2@npm:1.4.1"
  checksum: 7268db63ed5169466540b6fb947aec313200bcf6d40c5ab722c22e242f651994619bcd85601602972d3c85bd2cc45a358a4c61937e9f11a061919a1da569b0c2
  languageName: node
  linkType: hard

"micromatch@npm:^4.0.4":
  version: 4.0.5
  resolution: "micromatch@npm:4.0.5"
  dependencies:
    braces: ^3.0.2
    picomatch: ^2.3.1
  checksum: 02a17b671c06e8fefeeb6ef996119c1e597c942e632a21ef589154f23898c9c6a9858526246abb14f8bca6e77734aa9dcf65476fca47cedfb80d9577d52843fc
  languageName: node
  linkType: hard

"path-type@npm:^4.0.0":
  version: 4.0.0
  resolution: "path-type@npm:4.0.0"
  checksum: 5b1e2daa247062061325b8fdbfd1fb56dde0a448fb1455453276ea18c60685bdad23a445dc148cf87bc216be1573357509b7d4060494a6fd768c7efad833ee45
  languageName: node
  linkType: hard

"picomatch@npm:^2.3.1":
  version: 2.3.1
  resolution: "picomatch@npm:2.3.1"
  checksum: 050c865ce81119c4822c45d3c84f1ced46f93a0126febae20737bd05ca20589c564d6e9226977df859ed5e03dc73f02584a2b0faad36e896936238238b0446cf
  languageName: node
  linkType: hard

"queue-microtask@npm:^1.2.2":
  version: 1.2.3
  resolution: "queue-microtask@npm:1.2.3"
  checksum: b676f8c040cdc5b12723ad2f91414d267605b26419d5c821ff03befa817ddd10e238d22b25d604920340fd73efd8ba795465a0377c4adf45a4a41e4234e42dc4
  languageName: node
  linkType: hard

"react-dom@npm:^18.2.0":
  version: 18.2.0
  resolution: "react-dom@npm:18.2.0"
  dependencies:
    loose-envify: ^1.1.0
    scheduler: ^0.23.0
  peerDependencies:
    react: ^18.2.0
  checksum: 7d323310bea3a91be2965f9468d552f201b1c27891e45ddc2d6b8f717680c95a75ae0bc1e3f5cf41472446a2589a75aed4483aee8169287909fcd59ad149e8cc
  languageName: node
  linkType: hard

"react@npm:^18.2.0":
  version: 18.2.0
  resolution: "react@npm:18.2.0"
  dependencies:
    loose-envify: ^1.1.0
  checksum: 88e38092da8839b830cda6feef2e8505dec8ace60579e46aa5490fc3dc9bba0bd50336507dc166f43e3afc1c42939c09fe33b25fae889d6f402721dcd78fca1b
  languageName: node
  linkType: hard

"reusify@npm:^1.0.4":
  version: 1.0.4
  resolution: "reusify@npm:1.0.4"
  checksum: c3076ebcc22a6bc252cb0b9c77561795256c22b757f40c0d8110b1300723f15ec0fc8685e8d4ea6d7666f36c79ccc793b1939c748bf36f18f542744a4e379fcc
  languageName: node
  linkType: hard

"run-parallel@npm:^1.1.9":
  version: 1.2.0
  resolution: "run-parallel@npm:1.2.0"
  dependencies:
    queue-microtask: ^1.2.2
  checksum: cb4f97ad25a75ebc11a8ef4e33bb962f8af8516bb2001082ceabd8902e15b98f4b84b4f8a9b222e5d57fc3bd1379c483886ed4619367a7680dad65316993021d
  languageName: node
  linkType: hard

"scheduler@npm:^0.23.0":
  version: 0.23.0
  resolution: "scheduler@npm:0.23.0"
  dependencies:
    loose-envify: ^1.1.0
  checksum: d79192eeaa12abef860c195ea45d37cbf2bbf5f66e3c4dcd16f54a7da53b17788a70d109ee3d3dde1a0fd50e6a8fc171f4300356c5aee4fc0171de526bf35f8a
  languageName: node
  linkType: hard

"slash@npm:^3.0.0":
  version: 3.0.0
  resolution: "slash@npm:3.0.0"
  checksum: 94a93fff615f25a999ad4b83c9d5e257a7280c90a32a7cb8b4a87996e4babf322e469c42b7f649fd5796edd8687652f3fb452a86dc97a816f01113183393f11c
  languageName: node
  linkType: hard

"supports-color@npm:^7.1.0":
  version: 7.2.0
  resolution: "supports-color@npm:7.2.0"
  dependencies:
    has-flag: ^4.0.0
  checksum: 3dda818de06ebbe5b9653e07842d9479f3555ebc77e9a0280caf5a14fb877ffee9ed57007c3b78f5a6324b8dbeec648d9e97a24e2ed9fdb81ddc69ea07100f4a
  languageName: node
  linkType: hard

"to-regex-range@npm:^5.0.1":
  version: 5.0.1
  resolution: "to-regex-range@npm:5.0.1"
  dependencies:
    is-number: ^7.0.0
  checksum: f76fa01b3d5be85db6a2a143e24df9f60dd047d151062d0ba3df62953f2f697b16fe5dad9b0ac6191c7efc7b1d9dcaa4b768174b7b29da89d4428e64bc0a20ed
  languageName: node
  linkType: hard

"typescript@npm:^4.7.4":
  version: 4.7.4
  resolution: "typescript@npm:4.7.4"
  bin:
    tsc: bin/tsc
    tsserver: bin/tsserver
  checksum: 5750181b1cd7e6482c4195825547e70f944114fb47e58e4aa7553e62f11b3f3173766aef9c281783edfd881f7b8299cf35e3ca8caebe73d8464528c907a164df
  languageName: node
  linkType: hard

"typescript@patch:typescript@^4.7.4#~builtin<compat/typescript>":
  version: 4.7.4
  resolution: "typescript@patch:typescript@npm%3A4.7.4#~builtin<compat/typescript>::version=4.7.4&hash=7ad353"
  bin:
    tsc: bin/tsc
    tsserver: bin/tsserver
  checksum: 9096d8f6c16cb80ef3bf96fcbbd055bf1c4a43bd14f3b7be45a9fbe7ada46ec977f604d5feed3263b4f2aa7d4c7477ce5f9cd87de0d6feedec69a983f3a4f93e
  languageName: node
  linkType: hard

"universalify@npm:^2.0.0":
  version: 2.0.0
  resolution: "universalify@npm:2.0.0"
  checksum: 2406a4edf4a8830aa6813278bab1f953a8e40f2f63a37873ffa9a3bc8f9745d06cc8e88f3572cb899b7e509013f7f6fcc3e37e8a6d914167a5381d8440518c44
  languageName: node
  linkType: hard

"web-extension@workspace:.":
  version: 0.0.0-use.local
  resolution: "web-extension@workspace:."
  dependencies:
    "@types/react": ^18
    "@types/react-dom": ^18
    esbuild: ^0.14.48
    esbuild-plugin-copy: ^1.3.0
    react: ^18.2.0
    react-dom: ^18.2.0
    typescript: ^4.7.4
  languageName: unknown
  linkType: soft
